
Microsoft Visual Studio Solution File, Format Version 12.00
# Visual Studio 14
VisualStudioVersion = 14.0.25123.0
MinimumVisualStudioVersion = 10.0.40219.1
Project("{8BC9CEB8-8B4A-11D0-8D11-00A0C91BC942}") = "dwload", "DWLOAD.vcxproj", "{5417A650-8575-4890-94C1-2101A7BDAAAE}"
EndProject
Global
	GlobalSection(SolutionConfigurationPlatforms) = preSolution
		Debug|x86 = Debug|x86
		Release|x86 = Release|x86
	EndGlobalSection
	GlobalSection(ProjectConfigurationPlatforms) = postSolution
		{5417A650-8575-4890-94C1-2101A7BDAAAE}.Debug|x86.ActiveCfg = Debug|Win32
		{5417A650-8575-4890-94C1-2101A7BDAAAE}.Debug|x86.Build.0 = Debug|Win32
		{5417A650-8575-4890-94C1-2101A7BDAAAE}.Release|x86.ActiveCfg = Release|Win32
		{5417A650-8575-4890-94C1-2101A7BDAAAE}.Release|x86.Build.0 = Release|Win32
	EndGlobalSection
	GlobalSection(SolutionProperties) = preSolution
		HideSolutionNode = FALSE
	EndGlobalSection
EndGlobal
